
Microsoft Visual Studio Solution File, Format Version 12.00
# Visual Studio Version 17
VisualStudioVersion = 17.3.32804.467
MinimumVisualStudioVersion = 10.0.40219.1
Project("{FAE04EC0-301F-11D3-BF4B-00C04F79EFBC}") = "MyFirstCoreWebApp", "MyFirstCoreWebApp\MyFirstCoreWebApp.csproj", "{C6404A2D-303B-433D-94B8-49B74D3A4559}"
EndProject
Global
	GlobalSection(SolutionConfigurationPlatforms) = preSolution
		Debug|Any CPU = Debug|Any CPU
		Release|Any CPU = Release|Any CPU
	EndGlobalSection
	GlobalSection(ProjectConfigurationPlatforms) = postSolution
		{C6404A2D-303B-433D-94B8-49B74D3A4559}.Debug|Any CPU.ActiveCfg = Debug|Any CPU
		{C6404A2D-303B-433D-94B8-49B74D3A4559}.Debug|Any CPU.Build.0 = Debug|Any CPU
		{C6404A2D-303B-433D-94B8-49B74D3A4559}.Release|Any CPU.ActiveCfg = Release|Any CPU
		{C6404A2D-303B-433D-94B8-49B74D3A4559}.Release|Any CPU.Build.0 = Release|Any CPU
	EndGlobalSection
	GlobalSection(SolutionProperties) = preSolution
		HideSolutionNode = FALSE
	EndGlobalSection
	GlobalSection(ExtensibilityGlobals) = postSolution
		SolutionGuid = {0DD7D3C8-FE1A-448A-8923-379C70B99AFB}
	EndGlobalSection
EndGlobal
